// !$*UTF8*$!
{
	archiveVersion = 1;
	classes = {
	};
	objectVersion = 46;
	objects = {

/* Begin PBXBuildFile section */
		16A10C622174401800B6C472 /* lab1b-server.c in Sources */ = {isa = PBXBuildFile; fileRef = 16A10C612174401800B6C472 /* lab1b-server.c */; };
		16A10C642174402C00B6C472 /* lab1b-client.c in Sources */ = {isa = PBXBuildFile; fileRef = 16A10C632174402C00B6C472 /* lab1b-client.c */; };
/* End PBXBuildFile section */

/* Begin PBXCopyFilesBuildPhase section */
		16A10C5521743FBA00B6C472 /* CopyFiles */ = {
			isa = PBXCopyFilesBuildPhase;
			buildActionMask = 2147483647;
			dstPath = /usr/share/man/man1/;
			dstSubfolderSpec = 0;
			files = (
			);
			runOnlyForDeploymentPostprocessing = 1;
		};
/* End PBXCopyFilesBuildPhase section */

/* Begin PBXFileReference section */
		16A10C5721743FBB00B6C472 /* cs111 p1b */ = {isa = PBXFileReference; explicitFileType = "compiled.mach-o.executable"; includeInIndex = 0; path = "cs111 p1b"; sourceTree = BUILT_PRODUCTS_DIR; };
		16A10C612174401800B6C472 /* lab1b-server.c */ = {isa = PBXFileReference; fileEncoding = 4; lastKnownFileType = sourcecode.c.c; path = "lab1b-server.c"; sourceTree = "<group>"; };
		16A10C632174402C00B6C472 /* lab1b-client.c */ = {isa = PBXFileReference; fileEncoding = 4; lastKnownFileType = sourcecode.c.c; path = "lab1b-client.c"; sourceTree = "<group>"; };
/* End PBXFileReference section */

/* Begin PBXFrameworksBuildPhase section */
		16A10C5421743FBA00B6C472 /* Frameworks */ = {
			isa = PBXFrameworksBuildPhase;
			buildActionMask = 2147483647;
			files = (
			);
			runOnlyForDeploymentPostprocessing = 0;
		};
/* End PBXFrameworksBuildPhase section */

/* Begin PBXGroup section */
		16A10C4E21743FBA00B6C472 = {
			isa = PBXGroup;
			children = (
				16A10C5921743FBB00B6C472 /* cs111 p1b */,
				16A10C5821743FBB00B6C472 /* Products */,
			);
			sourceTree = "<group>";
		};
		16A10C5821743FBB00B6C472 /* Products */ = {
			isa = PBXGroup;
			children = (
				16A10C5721743FBB00B6C472 /* cs111 p1b */,
			);
			name = Products;
			sourceTree = "<group>";
		};
		16A10C5921743FBB00B6C472 /* cs111 p1b */ = {
			isa = PBXGroup;
			children = (
				16A10C632174402C00B6C472 /* lab1b-client.c */,
				16A10C612174401800B6C472 /* lab1b-server.c */,
			);
			path = "cs111 p1b";
			sourceTree = "<group>";
		};
/* End PBXGroup section */

/* Begin PBXNativeTarget section */
		16A10C5621743FBA00B6C472 /* cs111 p1b */ = {
			isa = PBXNativeTarget;
			buildConfigurationList = 16A10C5E21743FBB00B6C472 /* Build configuration list for PBXNativeTarget "cs111 p1b" */;
			buildPhases = (
				16A10C5321743FBA00B6C472 /* Sources */,
				16A10C5421743FBA00B6C472 /* Frameworks */,
				16A10C5521743FBA00B6C472 /* CopyFiles */,
			);
			buildRules = (
			);
			dependencies = (
			);
			name = "cs111 p1b";
			productName = "cs111 p1b";
			productReference = 16A10C5721743FBB00B6C472 /* cs111 p1b */;
			productType = "com.apple.product-type.tool";
		};
/* End PBXNativeTarget section */

/* Begin PBXProject section */
		16A10C4F21743FBA00B6C472 /* Project object */ = {
			isa = PBXProject;
			attributes = {
				LastUpgradeCheck = 0820;
				ORGANIZATIONNAME = "Keiana Snell";
				TargetAttributes = {
					16A10C5621743FBA00B6C472 = {
						CreatedOnToolsVersion = 8.2.1;
						ProvisioningStyle = Automatic;
					};
				};
			};
			buildConfigurationList = 16A10C5221743FBA00B6C472 /* Build configuration list for PBXProject "cs111 p1b" */;
			compatibilityVersion = "Xcode 3.2";
			developmentRegion = English;
			hasScannedForEncodings = 0;
			knownRegions = (
				en,
			);
			mainGroup = 16A10C4E21743FBA00B6C472;
			productRefGroup = 16A10C5821743FBB00B6C472 /* Products */;
			projectDirPath = "";
			projectRoot = "";
			targets = (
				16A10C5621743FBA00B6C472 /* cs111 p1b */,
			);
		};
/* End PBXProject section */

/* Begin PBXSourcesBuildPhase section */
		16A10C5321743FBA00B6C472 /* Sources */ = {
			isa = PBXSourcesBuildPhase;
			buildActionMask = 2147483647;
			files = (
				16A10C622174401800B6C472 /* lab1b-server.c in Sources */,
				16A10C642174402C00B6C472 /* lab1b-client.c in Sources */,
			);
			runOnlyForDeploymentPostprocessing = 0;
		};
/* End PBXSourcesBuildPhase section */

/* Begin XCBuildConfiguration section */
		16A10C5C21743FBB00B6C472 /* Debug */ = {
			isa = XCBuildConfiguration;
			buildSettings = {
				ALWAYS_SEARCH_USER_PATHS = NO;
				CLANG_ANALYZER_NONNULL = YES;
				CLANG_CXX_LANGUAGE_STANDARD = "gnu++0x";
				CLANG_CXX_LIBRARY = "libc++";
				CLANG_ENABLE_MODULES = YES;
				CLANG_ENABLE_OBJC_ARC = YES;
				CLANG_WARN_BOOL_CONVERSION = YES;
				CLANG_WARN_CONSTANT_CONVERSION = YES;
				CLANG_WARN_DIRECT_OBJC_ISA_USAGE = YES_ERROR;
				CLANG_WARN_DOCUMENTATION_COMMENTS = YES;
				CLANG_WARN_EMPTY_BODY = YES;
				CLANG_WARN_ENUM_CONVERSION = YES;
				CLANG_WARN_INFINITE_RECURSION = YES;
				CLANG_WARN_INT_CONVERSION = YES;
				CLANG_WARN_OBJC_ROOT_CLASS = YES_ERROR;
				CLANG_WARN_SUSPICIOUS_MOVE = YES;
				CLANG_WARN_UNREACHABLE_CODE = YES;
				CLANG_WARN__DUPLICATE_METHOD_MATCH = YES;
				CODE_SIGN_IDENTITY = "-";
				COPY_PHASE_STRIP = NO;
				DEBUG_INFORMATION_FORMAT = dwarf;
				ENABLE_STRICT_OBJC_MSGSEND = YES;
				ENABLE_TESTABILITY = YES;
				GCC_C_LANGUAGE_STANDARD = gnu99;
				GCC_DYNAMIC_NO_PIC = NO;
				GCC_NO_COMMON_BLOCKS = YES;
				GCC_OPTIMIZATION_LEVEL = 0;
				GCC_PREPROCESSOR_DEFINITIONS = (
					"DEBUG=1",
					"$(inherited)",
				);
				GCC_WARN_64_TO_32_BIT_CONVERSION = YES;
				GCC_WARN_ABOUT_RETURN_TYPE = YES_ERROR;
				GCC_WARN_UNDECLARED_SELECTOR = YES;
				GCC_WARN_UNINITIALIZED_AUTOS = YES_AGGRESSIVE;
				GCC_WARN_UNUSED_FUNCTION = YES;
				GCC_WARN_UNUSED_VARIABLE = YES;
				MACOSX_DEPLOYMENT_TARGET = 10.11;
				MTL_ENABLE_DEBUG_INFO = YES;
				ONLY_ACTIVE_ARCH = YES;
				SDKROOT = macosx;
			};
			name = Debug;
		};
		16A10C5D21743FBB00B6C472 /* Release */ = {
			isa = XCBuildConfiguration;
			buildSettings = {
				ALWAYS_SEARCH_USER_PATHS = NO;
				CLANG_ANALYZER_NONNULL = YES;
				CLANG_CXX_LANGUAGE_STANDARD = "gnu++0x";
				CLANG_CXX_LIBRARY = "libc++";
				CLANG_ENABLE_MODULES = YES;
				CLANG_ENABLE_OBJC_ARC = YES;
				CLANG_WARN_BOOL_CONVERSION = YES;
				CLANG_WARN_CONSTANT_CONVERSION = YES;
				CLANG_WARN_DIRECT_OBJC_ISA_USAGE = YES_ERROR;
				CLANG_WARN_DOCUMENTATION_COMMENTS = YES;
				CLANG_WARN_EMPTY_BODY = YES;
				CLANG_WARN_ENUM_CONVERSION = YES;
				CLANG_WARN_INFINITE_RECURSION = YES;
				CLANG_WARN_INT_CONVERSION = YES;
				CLANG_WARN_OBJC_ROOT_CLASS = YES_ERROR;
				CLANG_WARN_SUSPICIOUS_MOVE = YES;
				CLANG_WARN_UNREACHABLE_CODE = YES;
				CLANG_WARN__DUPLICATE_METHOD_MATCH = YES;
				CODE_SIGN_IDENTITY = "-";
				COPY_PHASE_STRIP = NO;
				DEBUG_INFORMATION_FORMAT = "dwarf-with-dsym";
				ENABLE_NS_ASSERTIONS = NO;
				ENABLE_STRICT_OBJC_MSGSEND = YES;
				GCC_C_LANGUAGE_STANDARD = gnu99;
				GCC_NO_COMMON_BLOCKS = YES;
				GCC_WARN_64_TO_32_BIT_CONVERSION = YES;
				GCC_WARN_ABOUT_RETURN_TYPE = YES_ERROR;
				GCC_WARN_UNDECLARED_SELECTOR = YES;
				GCC_WARN_UNINITIALIZED_AUTOS = YES_AGGRESSIVE;
				GCC_WARN_UNUSED_FUNCTION = YES;
				GCC_WARN_UNUSED_VARIABLE = YES;
				MACOSX_DEPLOYMENT_TARGET = 10.11;
				MTL_ENABLE_DEBUG_INFO = NO;
				SDKROOT = macosx;
			};
			name = Release;
		};
		16A10C5F21743FBB00B6C472 /* Debug */ = {
			isa = XCBuildConfiguration;
			buildSettings = {
				PRODUCT_NAME = "$(TARGET_NAME)";
			};
			name = Debug;
		};
		16A10C6021743FBB00B6C472 /* Release */ = {
			isa = XCBuildConfiguration;
			buildSettings = {
				PRODUCT_NAME = "$(TARGET_NAME)";
			};
			name = Release;
		};
/* End XCBuildConfiguration section */

/* Begin XCConfigurationList section */
		16A10C5221743FBA00B6C472 /* Build configuration list for PBXProject "cs111 p1b" */ = {
			isa = XCConfigurationList;
			buildConfigurations = (
				16A10C5C21743FBB00B6C472 /* Debug */,
				16A10C5D21743FBB00B6C472 /* Release */,
			);
			defaultConfigurationIsVisible = 0;
			defaultConfigurationName = Release;
		};
		16A10C5E21743FBB00B6C472 /* Build configuration list for PBXNativeTarget "cs111 p1b" */ = {
			isa = XCConfigurationList;
			buildConfigurations = (
				16A10C5F21743FBB00B6C472 /* Debug */,
				16A10C6021743FBB00B6C472 /* Release */,
			);
			defaultConfigurationIsVisible = 0;
			defaultConfigurationName = Release;
		};
/* End XCConfigurationList section */
	};
	rootObject = 16A10C4F21743FBA00B6C472 /* Project object */;
}
